{
  "name": "3-modular-web-dev",
  "lockfileVersion": 2,
  "requires": true,
  "packages": {
    "": {
      "dependencies": {
        "yo-yo": "^1.4.1"
      }
    },
    "node_modules/bel": {
      "version": "4.6.0",
      "resolved": "https://registry.npmjs.org/bel/-/bel-4.6.0.tgz",
      "integrity": "sha512-BoYaZ68tiDV4ew/QGLUPw7HdFgf3wbxxK7Q6Gn67GmIquxJ10QgLOhfiloaY4pZudmt6aiPJAwFtaLJ+Tvh2fw==",
      "dependencies": {
        "global": "^4.3.0",
        "hyperx": "^2.3.0",
        "on-load": "^3.2.0"
      }
    },
    "node_modules/dom-walk": {
      "version": "0.1.2",
      "resolved": "https://registry.npmjs.org/dom-walk/-/dom-walk-0.1.2.tgz",
      "integrity": "sha512-6QvTW9mrGeIegrFXdtQi9pk7O/nSK6lSdXW2eqUspN5LWD7UTji2Fqw5V2YLjBpHEoU9Xl/eUWNpDeZvoyOv2w=="
    },
    "node_modules/global": {
      "version": "4.4.0",
      "resolved": "https://registry.npmjs.org/global/-/global-4.4.0.tgz",
      "integrity": "sha512-wv/LAoHdRE3BeTGz53FAamhGlPLhlssK45usmGFThIi4XqnBmjKQ16u+RNbP7WvigRZDxUsM0J3gcQ5yicaL0w==",
      "dependencies": {
        "min-document": "^2.19.0",
        "process": "^0.11.10"
      }
    },
    "node_modules/hyperscript-attribute-to-property": {
      "version": "1.0.2",
      "resolved": "https://registry.npmjs.org/hyperscript-attribute-to-property/-/hyperscript-attribute-to-property-1.0.2.tgz",
      "integrity": "sha512-oerMul16jZCmrbNsUw8QgrtDzF8lKgFri1bKQjReLw1IhiiNkI59CWuzZjJDGT79UQ1YiWqXhJMv/tRMVqgtkA=="
    },
    "node_modules/hyperx": {
      "version": "2.5.4",
      "resolved": "https://registry.npmjs.org/hyperx/-/hyperx-2.5.4.tgz",
      "integrity": "sha512-iOkSh7Yse7lsN/B9y7OsevLWjeXPqGuHQ5SbwaiJM5xAhWFqhoN6erpK1dQsS12OFU36lyai1pnx1mmzWLQqcA==",
      "dependencies": {
        "hyperscript-attribute-to-property": "^1.0.0"
      }
    },
    "node_modules/min-document": {
      "version": "2.19.0",
      "resolved": "https://registry.npmjs.org/min-document/-/min-document-2.19.0.tgz",
      "integrity": "sha512-9Wy1B3m3f66bPPmU5hdA4DR4PB2OfDU/+GS3yAB7IQozE3tqXaVv2zOjgla7MEGSRv95+ILmOuvhLkOK6wJtCQ==",
      "dependencies": {
        "dom-walk": "^0.1.0"
      }
    },
    "node_modules/morphdom": {
      "version": "2.6.1",
      "resolved": "https://registry.npmjs.org/morphdom/-/morphdom-2.6.1.tgz",
      "integrity": "sha512-Y8YRbAEP3eKykroIBWrjcfMw7mmwJfjhqdpSvoqinu8Y702nAwikpXcNFDiIkyvfCLxLM9Wu95RZqo4a9jFBaA=="
    },
    "node_modules/nanoassert": {
      "version": "1.1.0",
      "resolved": "https://registry.npmjs.org/nanoassert/-/nanoassert-1.1.0.tgz",
      "integrity": "sha512-C40jQ3NzfkP53NsO8kEOFd79p4b9kDXQMwgiY1z8ZwrDZgUyom0AHwGegF4Dm99L+YoYhuaB0ceerUcXmqr1rQ=="
    },
    "node_modules/on-load": {
      "version": "3.4.1",
      "resolved": "https://registry.npmjs.org/on-load/-/on-load-3.4.1.tgz",
      "integrity": "sha512-Q3v6aurn5Pif4Rk1QZhnH/azZiKZqiroCcRkPlEccwTl4UFomAGFAqZz8XRCGN/KtuX4DwXCn9SB/edSSoV+Hg==",
      "dependencies": {
        "global": "^4.3.2",
        "nanoassert": "^1.1.0"
      }
    },
    "node_modules/process": {
      "version": "0.11.10",
      "resolved": "https://registry.npmjs.org/process/-/process-0.11.10.tgz",
      "integrity": "sha512-cdGef/drWFoydD1JsMzuFf8100nZl+GT+yacc2bEced5f9Rjk4z+WtFUTBu9PhOi9j/jfmBPu0mMEY4wIdAF8A==",
      "engines": {
        "node": ">= 0.6.0"
      }
    },
    "node_modules/yo-yo": {
      "version": "1.4.1",
      "resolved": "https://registry.npmjs.org/yo-yo/-/yo-yo-1.4.1.tgz",
      "integrity": "sha512-iCIqrIQ5YPBeZNVig95T+/9x61JFgIbMWV3bVFOnPDH3FJNiazZsSX+O0T2459hUT5+WH8hnK0/cCbd9F1Zq+A==",
      "dependencies": {
        "bel": "^4.0.0",
        "morphdom": "^2.1.0"
      }
    }
  },
  "dependencies": {
    "bel": {
      "version": "4.6.0",
      "resolved": "https://registry.npmjs.org/bel/-/bel-4.6.0.tgz",
      "integrity": "sha512-BoYaZ68tiDV4ew/QGLUPw7HdFgf3wbxxK7Q6Gn67GmIquxJ10QgLOhfiloaY4pZudmt6aiPJAwFtaLJ+Tvh2fw==",
      "requires": {
        "global": "^4.3.0",
        "hyperx": "^2.3.0",
        "on-load": "^3.2.0"
      }
    },
    "dom-walk": {
      "version": "0.1.2",
      "resolved": "https://registry.npmjs.org/dom-walk/-/dom-walk-0.1.2.tgz",
      "integrity": "sha512-6QvTW9mrGeIegrFXdtQi9pk7O/nSK6lSdXW2eqUspN5LWD7UTji2Fqw5V2YLjBpHEoU9Xl/eUWNpDeZvoyOv2w=="
    },
    "global": {
      "version": "4.4.0",
      "resolved": "https://registry.npmjs.org/global/-/global-4.4.0.tgz",
      "integrity": "sha512-wv/LAoHdRE3BeTGz53FAamhGlPLhlssK45usmGFThIi4XqnBmjKQ16u+RNbP7WvigRZDxUsM0J3gcQ5yicaL0w==",
      "requires": {
        "min-document": "^2.19.0",
        "process": "^0.11.10"
      }
    },
    "hyperscript-attribute-to-property": {
      "version": "1.0.2",
      "resolved": "https://registry.npmjs.org/hyperscript-attribute-to-property/-/hyperscript-attribute-to-property-1.0.2.tgz",
      "integrity": "sha512-oerMul16jZCmrbNsUw8QgrtDzF8lKgFri1bKQjReLw1IhiiNkI59CWuzZjJDGT79UQ1YiWqXhJMv/tRMVqgtkA=="
    },
    "hyperx": {
      "version": "2.5.4",
      "resolved": "https://registry.npmjs.org/hyperx/-/hyperx-2.5.4.tgz",
      "integrity": "sha512-iOkSh7Yse7lsN/B9y7OsevLWjeXPqGuHQ5SbwaiJM5xAhWFqhoN6erpK1dQsS12OFU36lyai1pnx1mmzWLQqcA==",
      "requires": {
        "hyperscript-attribute-to-property": "^1.0.0"
      }
    },
    "min-document": {
      "version": "2.19.0",
      "resolved": "https://registry.npmjs.org/min-document/-/min-document-2.19.0.tgz",
      "integrity": "sha512-9Wy1B3m3f66bPPmU5hdA4DR4PB2OfDU/+GS3yAB7IQozE3tqXaVv2zOjgla7MEGSRv95+ILmOuvhLkOK6wJtCQ==",
      "requires": {
        "dom-walk": "^0.1.0"
      }
    },
    "morphdom": {
      "version": "2.6.1",
      "resolved": "https://registry.npmjs.org/morphdom/-/morphdom-2.6.1.tgz",
      "integrity": "sha512-Y8YRbAEP3eKykroIBWrjcfMw7mmwJfjhqdpSvoqinu8Y702nAwikpXcNFDiIkyvfCLxLM9Wu95RZqo4a9jFBaA=="
    },
    "nanoassert": {
      "version": "1.1.0",
      "resolved": "https://registry.npmjs.org/nanoassert/-/nanoassert-1.1.0.tgz",
      "integrity": "sha512-C40jQ3NzfkP53NsO8kEOFd79p4b9kDXQMwgiY1z8ZwrDZgUyom0AHwGegF4Dm99L+YoYhuaB0ceerUcXmqr1rQ=="
    },
    "on-load": {
      "version": "3.4.1",
      "resolved": "https://registry.npmjs.org/on-load/-/on-load-3.4.1.tgz",
      "integrity": "sha512-Q3v6aurn5Pif4Rk1QZhnH/azZiKZqiroCcRkPlEccwTl4UFomAGFAqZz8XRCGN/KtuX4DwXCn9SB/edSSoV+Hg==",
      "requires": {
        "global": "^4.3.2",
        "nanoassert": "^1.1.0"
      }
    },
    "process": {
      "version": "0.11.10",
      "resolved": "https://registry.npmjs.org/process/-/process-0.11.10.tgz",
      "integrity": "sha512-cdGef/drWFoydD1JsMzuFf8100nZl+GT+yacc2bEced5f9Rjk4z+WtFUTBu9PhOi9j/jfmBPu0mMEY4wIdAF8A=="
    },
    "yo-yo": {
      "version": "1.4.1",
      "resolved": "https://registry.npmjs.org/yo-yo/-/yo-yo-1.4.1.tgz",
      "integrity": "sha512-iCIqrIQ5YPBeZNVig95T+/9x61JFgIbMWV3bVFOnPDH3FJNiazZsSX+O0T2459hUT5+WH8hnK0/cCbd9F1Zq+A==",
      "requires": {
        "bel": "^4.0.0",
        "morphdom": "^2.1.0"
      }
    }
  }
}
